
Microsoft Visual Studio Solution File, Format Version 12.00
# Visual Studio Version 17
VisualStudioVersion = 17.8.34309.116
MinimumVisualStudioVersion = 10.0.40219.1
Project("{FAE04EC0-301F-11D3-BF4B-00C04F79EFBC}") = "IdentityMessage", "IdentityMessage\IdentityMessage.csproj", "{BA7DDA99-02BC-4739-B0B5-B949B4340716}"
EndProject
Global
	GlobalSection(SolutionConfigurationPlatforms) = preSolution
		Debug|Any CPU = Debug|Any CPU
		Release|Any CPU = Release|Any CPU
	EndGlobalSection
	GlobalSection(ProjectConfigurationPlatforms) = postSolution
		{BA7DDA99-02BC-4739-B0B5-B949B4340716}.Debug|Any CPU.ActiveCfg = Debug|Any CPU
		{BA7DDA99-02BC-4739-B0B5-B949B4340716}.Debug|Any CPU.Build.0 = Debug|Any CPU
		{BA7DDA99-02BC-4739-B0B5-B949B4340716}.Release|Any CPU.ActiveCfg = Release|Any CPU
		{BA7DDA99-02BC-4739-B0B5-B949B4340716}.Release|Any CPU.Build.0 = Release|Any CPU
	EndGlobalSection
	GlobalSection(SolutionProperties) = preSolution
		HideSolutionNode = FALSE
	EndGlobalSection
	GlobalSection(ExtensibilityGlobals) = postSolution
		SolutionGuid = {C6D3774A-79E7-4711-853C-C8E473BDFC58}
	EndGlobalSection
EndGlobal
